
Microsoft Visual Studio Solution File, Format Version 12.00
# Visual Studio 15
VisualStudioVersion = 15.0.27130.2027
MinimumVisualStudioVersion = 10.0.40219.1
Project("{FAE04EC0-301F-11D3-BF4B-00C04F79EFBC}") = "Repository", "Repository\Repository.csproj", "{869EBC5E-FFC6-4ECE-B7AA-8C9ADD020458}"
EndProject
Global
	GlobalSection(SolutionConfigurationPlatforms) = preSolution
		Debug|Any CPU = Debug|Any CPU
		Release|Any CPU = Release|Any CPU
	EndGlobalSection
	GlobalSection(ProjectConfigurationPlatforms) = postSolution
		{869EBC5E-FFC6-4ECE-B7AA-8C9ADD020458}.Debug|Any CPU.ActiveCfg = Debug|Any CPU
		{869EBC5E-FFC6-4ECE-B7AA-8C9ADD020458}.Debug|Any CPU.Build.0 = Debug|Any CPU
		{869EBC5E-FFC6-4ECE-B7AA-8C9ADD020458}.Release|Any CPU.ActiveCfg = Release|Any CPU
		{869EBC5E-FFC6-4ECE-B7AA-8C9ADD020458}.Release|Any CPU.Build.0 = Release|Any CPU
	EndGlobalSection
	GlobalSection(SolutionProperties) = preSolution
		HideSolutionNode = FALSE
	EndGlobalSection
	GlobalSection(ExtensibilityGlobals) = postSolution
		SolutionGuid = {94D6B8F0-7D82-4042-9914-8E4D890B00D3}
	EndGlobalSection
EndGlobal
